// !$*UTF8*$!
{
	archiveVersion = 1;
	classes = {
	};
	objectVersion = 46;
	objects = {

/* Begin PBXBuildFile section */
		7924412B1F3B39D00077BA5B /* AppCoordinator.swift in Sources */ = {isa = PBXBuildFile; fileRef = 7924412A1F3B39D00077BA5B /* AppCoordinator.swift */; };
		792B7EAA1F4F0D5C000D8274 /* StupidPhoneStringFormatter.swift in Sources */ = {isa = PBXBuildFile; fileRef = 792B7EA91F4F0D5C000D8274 /* StupidPhoneStringFormatter.swift */; };
		792B7EAC1F4F1030000D8274 /* NSRange+Ext.swift in Sources */ = {isa = PBXBuildFile; fileRef = 792B7EAB1F4F1030000D8274 /* NSRange+Ext.swift */; };
		794C3A231F3377AF00C64AF3 /* AppDelegate.swift in Sources */ = {isa = PBXBuildFile; fileRef = 794C3A221F3377AF00C64AF3 /* AppDelegate.swift */; };
		794C3A251F3377AF00C64AF3 /* ViewController.swift in Sources */ = {isa = PBXBuildFile; fileRef = 794C3A241F3377AF00C64AF3 /* ViewController.swift */; };
		794C3A281F3377AF00C64AF3 /* Main.storyboard in Resources */ = {isa = PBXBuildFile; fileRef = 794C3A261F3377AF00C64AF3 /* Main.storyboard */; };
		794C3A2A1F3377AF00C64AF3 /* Assets.xcassets in Resources */ = {isa = PBXBuildFile; fileRef = 794C3A291F3377AF00C64AF3 /* Assets.xcassets */; };
		794C3A2D1F3377AF00C64AF3 /* LaunchScreen.storyboard in Resources */ = {isa = PBXBuildFile; fileRef = 794C3A2B1F3377AF00C64AF3 /* LaunchScreen.storyboard */; };
		794C3A381F3377B000C64AF3 /* StringMaskerTests.swift in Sources */ = {isa = PBXBuildFile; fileRef = 794C3A371F3377B000C64AF3 /* StringMaskerTests.swift */; };
		794C3A431F3377C300C64AF3 /* TextFormatter.swift in Sources */ = {isa = PBXBuildFile; fileRef = 794C3A421F3377C300C64AF3 /* TextFormatter.swift */; };
		794C3A481F33813A00C64AF3 /* PhoneNumberKitMasker.swift in Sources */ = {isa = PBXBuildFile; fileRef = 794C3A471F33813A00C64AF3 /* PhoneNumberKitMasker.swift */; };
		794C3A531F3382C100C64AF3 /* PhoneNumberKit.framework in Frameworks */ = {isa = PBXBuildFile; fileRef = 794C3A521F3382C100C64AF3 /* PhoneNumberKit.framework */; };
		795994DF1F4AE1AE00BA312B /* SignInViewController.swift in Sources */ = {isa = PBXBuildFile; fileRef = 795994DE1F4AE1AE00BA312B /* SignInViewController.swift */; };
		79A79D771F41D40E00003BCE /* FlowCoordinator.swift in Sources */ = {isa = PBXBuildFile; fileRef = 79A79D761F41D40E00003BCE /* FlowCoordinator.swift */; };
		79A79D791F41D42500003BCE /* AlfaAppFlowCoordinator.swift in Sources */ = {isa = PBXBuildFile; fileRef = 79A79D781F41D42500003BCE /* AlfaAppFlowCoordinator.swift */; };
		79A79D7B1F41ED1000003BCE /* SignInFlowCoordinator.swift in Sources */ = {isa = PBXBuildFile; fileRef = 79A79D7A1F41ED1000003BCE /* SignInFlowCoordinator.swift */; };
		79A79D7D1F41ED3A00003BCE /* GuestFlowCoordinator.swift in Sources */ = {isa = PBXBuildFile; fileRef = 79A79D7C1F41ED3A00003BCE /* GuestFlowCoordinator.swift */; };
		79A79D7F1F41F44B00003BCE /* IntroductionFlowCoordinator.swift in Sources */ = {isa = PBXBuildFile; fileRef = 79A79D7E1F41F44B00003BCE /* IntroductionFlowCoordinator.swift */; };
		79A79D811F459CF600003BCE /* Intro.storyboard in Resources */ = {isa = PBXBuildFile; fileRef = 79A79D801F459CF600003BCE /* Intro.storyboard */; };
		79A79D831F459CFF00003BCE /* GuestMode.storyboard in Resources */ = {isa = PBXBuildFile; fileRef = 79A79D821F459CFF00003BCE /* GuestMode.storyboard */; };
		79A79D851F459D1A00003BCE /* SignUp.storyboard in Resources */ = {isa = PBXBuildFile; fileRef = 79A79D841F459D1A00003BCE /* SignUp.storyboard */; };
		79A79D871F459D2600003BCE /* UserMode.storyboard in Resources */ = {isa = PBXBuildFile; fileRef = 79A79D861F459D2600003BCE /* UserMode.storyboard */; };
		79A79D891F45E16D00003BCE /* SignIn.storyboard in Resources */ = {isa = PBXBuildFile; fileRef = 79A79D881F45E16D00003BCE /* SignIn.storyboard */; };
		79A79D8B1F45E20F00003BCE /* SignInSettings.storyboard in Resources */ = {isa = PBXBuildFile; fileRef = 79A79D8A1F45E20F00003BCE /* SignInSettings.storyboard */; };
		79A79D8D1F46E16D00003BCE /* UIComponent.swift in Sources */ = {isa = PBXBuildFile; fileRef = 79A79D8C1F46E16D00003BCE /* UIComponent.swift */; };
		79AFBC0A1F46EF6C00417227 /* IntroPageViewController.swift in Sources */ = {isa = PBXBuildFile; fileRef = 79AFBC091F46EF6C00417227 /* IntroPageViewController.swift */; };
		79AFBC0C1F46F07800417227 /* IntroViewController.swift in Sources */ = {isa = PBXBuildFile; fileRef = 79AFBC0B1F46F07800417227 /* IntroViewController.swift */; };
		79AFBC0E1F47152400417227 /* AppVCContainer.swift in Sources */ = {isa = PBXBuildFile; fileRef = 79AFBC0D1F47152400417227 /* AppVCContainer.swift */; };
		79AFBC101F471B8500417227 /* IntroFlowComponent.swift in Sources */ = {isa = PBXBuildFile; fileRef = 79AFBC0F1F471B8500417227 /* IntroFlowComponent.swift */; };
		79AFBC141F47277B00417227 /* GuestViewController.swift in Sources */ = {isa = PBXBuildFile; fileRef = 79AFBC131F47277B00417227 /* GuestViewController.swift */; };
		79AFBC171F47294500417227 /* SignUpFlowCoordinator.swift in Sources */ = {isa = PBXBuildFile; fileRef = 79AFBC161F47294500417227 /* SignUpFlowCoordinator.swift */; };
		79FE46651F472BCC007FF604 /* SignInFlowComponent.swift in Sources */ = {isa = PBXBuildFile; fileRef = 79FE46641F472BCC007FF604 /* SignInFlowComponent.swift */; };
		79FE46671F473346007FF604 /* GuestModeComponent.swift in Sources */ = {isa = PBXBuildFile; fileRef = 79FE46661F473346007FF604 /* GuestModeComponent.swift */; };
/* End PBXBuildFile section */

/* Begin PBXContainerItemProxy section */
		794C3A341F3377B000C64AF3 /* PBXContainerItemProxy */ = {
			isa = PBXContainerItemProxy;
			containerPortal = 794C3A171F3377AF00C64AF3 /* Project object */;
			proxyType = 1;
			remoteGlobalIDString = 794C3A1E1F3377AF00C64AF3;
			remoteInfo = StringMasker;
		};
/* End PBXContainerItemProxy section */

/* Begin PBXCopyFilesBuildPhase section */
		794C3A4B1F33815700C64AF3 /* Embed Frameworks */ = {
			isa = PBXCopyFilesBuildPhase;
			buildActionMask = 2147483647;
			dstPath = "";
			dstSubfolderSpec = 10;
			files = (
			);
			name = "Embed Frameworks";
			runOnlyForDeploymentPostprocessing = 0;
		};
/* End PBXCopyFilesBuildPhase section */

/* Begin PBXFileReference section */
		7924412A1F3B39D00077BA5B /* AppCoordinator.swift */ = {isa = PBXFileReference; fileEncoding = 4; lastKnownFileType = sourcecode.swift; path = AppCoordinator.swift; sourceTree = "<group>"; };
		792B7EA91F4F0D5C000D8274 /* StupidPhoneStringFormatter.swift */ = {isa = PBXFileReference; fileEncoding = 4; lastKnownFileType = sourcecode.swift; path = StupidPhoneStringFormatter.swift; sourceTree = "<group>"; };
		792B7EAB1F4F1030000D8274 /* NSRange+Ext.swift */ = {isa = PBXFileReference; fileEncoding = 4; lastKnownFileType = sourcecode.swift; path = "NSRange+Ext.swift"; sourceTree = "<group>"; };
		794C3A1F1F3377AF00C64AF3 /* StringMasker.app */ = {isa = PBXFileReference; explicitFileType = wrapper.application; includeInIndex = 0; path = StringMasker.app; sourceTree = BUILT_PRODUCTS_DIR; };
		794C3A221F3377AF00C64AF3 /* AppDelegate.swift */ = {isa = PBXFileReference; lastKnownFileType = sourcecode.swift; path = AppDelegate.swift; sourceTree = "<group>"; };
		794C3A241F3377AF00C64AF3 /* ViewController.swift */ = {isa = PBXFileReference; lastKnownFileType = sourcecode.swift; path = ViewController.swift; sourceTree = "<group>"; };
		794C3A271F3377AF00C64AF3 /* Base */ = {isa = PBXFileReference; lastKnownFileType = file.storyboard; name = Base; path = Base.lproj/Main.storyboard; sourceTree = "<group>"; };
		794C3A291F3377AF00C64AF3 /* Assets.xcassets */ = {isa = PBXFileReference; lastKnownFileType = folder.assetcatalog; path = Assets.xcassets; sourceTree = "<group>"; };
		794C3A2C1F3377AF00C64AF3 /* Base */ = {isa = PBXFileReference; lastKnownFileType = file.storyboard; name = Base; path = Base.lproj/LaunchScreen.storyboard; sourceTree = "<group>"; };
		794C3A2E1F3377AF00C64AF3 /* Info.plist */ = {isa = PBXFileReference; lastKnownFileType = text.plist.xml; path = Info.plist; sourceTree = "<group>"; };
		794C3A331F3377B000C64AF3 /* StringMaskerTests.xctest */ = {isa = PBXFileReference; explicitFileType = wrapper.cfbundle; includeInIndex = 0; path = StringMaskerTests.xctest; sourceTree = BUILT_PRODUCTS_DIR; };
		794C3A371F3377B000C64AF3 /* StringMaskerTests.swift */ = {isa = PBXFileReference; lastKnownFileType = sourcecode.swift; path = StringMaskerTests.swift; sourceTree = "<group>"; };
		794C3A391F3377B000C64AF3 /* Info.plist */ = {isa = PBXFileReference; lastKnownFileType = text.plist.xml; path = Info.plist; sourceTree = "<group>"; };
		794C3A421F3377C300C64AF3 /* TextFormatter.swift */ = {isa = PBXFileReference; fileEncoding = 4; lastKnownFileType = sourcecode.swift; path = TextFormatter.swift; sourceTree = "<group>"; };
		794C3A471F33813A00C64AF3 /* PhoneNumberKitMasker.swift */ = {isa = PBXFileReference; fileEncoding = 4; lastKnownFileType = sourcecode.swift; path = PhoneNumberKitMasker.swift; sourceTree = "<group>"; };
		794C3A521F3382C100C64AF3 /* PhoneNumberKit.framework */ = {isa = PBXFileReference; lastKnownFileType = wrapper.framework; name = PhoneNumberKit.framework; path = Carthage/Build/iOS/PhoneNumberKit.framework; sourceTree = "<group>"; };
		795994DE1F4AE1AE00BA312B /* SignInViewController.swift */ = {isa = PBXFileReference; fileEncoding = 4; lastKnownFileType = sourcecode.swift; path = SignInViewController.swift; sourceTree = "<group>"; };
		79A79D761F41D40E00003BCE /* FlowCoordinator.swift */ = {isa = PBXFileReference; fileEncoding = 4; lastKnownFileType = sourcecode.swift; path = FlowCoordinator.swift; sourceTree = "<group>"; };
		79A79D781F41D42500003BCE /* AlfaAppFlowCoordinator.swift */ = {isa = PBXFileReference; fileEncoding = 4; lastKnownFileType = sourcecode.swift; path = AlfaAppFlowCoordinator.swift; sourceTree = "<group>"; };
		79A79D7A1F41ED1000003BCE /* SignInFlowCoordinator.swift */ = {isa = PBXFileReference; fileEncoding = 4; lastKnownFileType = sourcecode.swift; path = SignInFlowCoordinator.swift; sourceTree = "<group>"; };
		79A79D7C1F41ED3A00003BCE /* GuestFlowCoordinator.swift */ = {isa = PBXFileReference; fileEncoding = 4; lastKnownFileType = sourcecode.swift; path = GuestFlowCoordinator.swift; sourceTree = "<group>"; };
		79A79D7E1F41F44B00003BCE /* IntroductionFlowCoordinator.swift */ = {isa = PBXFileReference; fileEncoding = 4; lastKnownFileType = sourcecode.swift; path = IntroductionFlowCoordinator.swift; sourceTree = "<group>"; };
		79A79D801F459CF600003BCE /* Intro.storyboard */ = {isa = PBXFileReference; fileEncoding = 4; lastKnownFileType = file.storyboard; path = Intro.storyboard; sourceTree = "<group>"; };
		79A79D821F459CFF00003BCE /* GuestMode.storyboard */ = {isa = PBXFileReference; fileEncoding = 4; lastKnownFileType = file.storyboard; path = GuestMode.storyboard; sourceTree = "<group>"; };
		79A79D841F459D1A00003BCE /* SignUp.storyboard */ = {isa = PBXFileReference; fileEncoding = 4; lastKnownFileType = file.storyboard; path = SignUp.storyboard; sourceTree = "<group>"; };
		79A79D861F459D2600003BCE /* UserMode.storyboard */ = {isa = PBXFileReference; fileEncoding = 4; lastKnownFileType = file.storyboard; path = UserMode.storyboard; sourceTree = "<group>"; };
		79A79D881F45E16D00003BCE /* SignIn.storyboard */ = {isa = PBXFileReference; fileEncoding = 4; lastKnownFileType = file.storyboard; path = SignIn.storyboard; sourceTree = "<group>"; };
		79A79D8A1F45E20F00003BCE /* SignInSettings.storyboard */ = {isa = PBXFileReference; fileEncoding = 4; lastKnownFileType = file.storyboard; path = SignInSettings.storyboard; sourceTree = "<group>"; };
		79A79D8C1F46E16D00003BCE /* UIComponent.swift */ = {isa = PBXFileReference; fileEncoding = 4; lastKnownFileType = sourcecode.swift; path = UIComponent.swift; sourceTree = "<group>"; };
		79AFBC091F46EF6C00417227 /* IntroPageViewController.swift */ = {isa = PBXFileReference; fileEncoding = 4; lastKnownFileType = sourcecode.swift; path = IntroPageViewController.swift; sourceTree = "<group>"; };
		79AFBC0B1F46F07800417227 /* IntroViewController.swift */ = {isa = PBXFileReference; fileEncoding = 4; lastKnownFileType = sourcecode.swift; path = IntroViewController.swift; sourceTree = "<group>"; };
		79AFBC0D1F47152400417227 /* AppVCContainer.swift */ = {isa = PBXFileReference; fileEncoding = 4; lastKnownFileType = sourcecode.swift; path = AppVCContainer.swift; sourceTree = "<group>"; };
		79AFBC0F1F471B8500417227 /* IntroFlowComponent.swift */ = {isa = PBXFileReference; fileEncoding = 4; lastKnownFileType = sourcecode.swift; path = IntroFlowComponent.swift; sourceTree = "<group>"; };
		79AFBC131F47277B00417227 /* GuestViewController.swift */ = {isa = PBXFileReference; fileEncoding = 4; lastKnownFileType = sourcecode.swift; path = GuestViewController.swift; sourceTree = "<group>"; };
		79AFBC161F47294500417227 /* SignUpFlowCoordinator.swift */ = {isa = PBXFileReference; fileEncoding = 4; lastKnownFileType = sourcecode.swift; path = SignUpFlowCoordinator.swift; sourceTree = "<group>"; };
		79FE46641F472BCC007FF604 /* SignInFlowComponent.swift */ = {isa = PBXFileReference; fileEncoding = 4; lastKnownFileType = sourcecode.swift; path = SignInFlowComponent.swift; sourceTree = "<group>"; };
		79FE46661F473346007FF604 /* GuestModeComponent.swift */ = {isa = PBXFileReference; fileEncoding = 4; lastKnownFileType = sourcecode.swift; path = GuestModeComponent.swift; sourceTree = "<group>"; };
/* End PBXFileReference section */

/* Begin PBXFrameworksBuildPhase section */
		794C3A1C1F3377AF00C64AF3 /* Frameworks */ = {
			isa = PBXFrameworksBuildPhase;
			buildActionMask = 2147483647;
			files = (
				794C3A531F3382C100C64AF3 /* PhoneNumberKit.framework in Frameworks */,
			);
			runOnlyForDeploymentPostprocessing = 0;
		};
		794C3A301F3377B000C64AF3 /* Frameworks */ = {
			isa = PBXFrameworksBuildPhase;
			buildActionMask = 2147483647;
			files = (
			);
			runOnlyForDeploymentPostprocessing = 0;
		};
/* End PBXFrameworksBuildPhase section */

/* Begin PBXGroup section */
		794C3A161F3377AF00C64AF3 = {
			isa = PBXGroup;
			children = (
				794C3A521F3382C100C64AF3 /* PhoneNumberKit.framework */,
				794C3A211F3377AF00C64AF3 /* StringMasker */,
				794C3A361F3377B000C64AF3 /* StringMaskerTests */,
				794C3A201F3377AF00C64AF3 /* Products */,
			);
			sourceTree = "<group>";
		};
		794C3A201F3377AF00C64AF3 /* Products */ = {
			isa = PBXGroup;
			children = (
				794C3A1F1F3377AF00C64AF3 /* StringMasker.app */,
				794C3A331F3377B000C64AF3 /* StringMaskerTests.xctest */,
			);
			name = Products;
			sourceTree = "<group>";
		};
		794C3A211F3377AF00C64AF3 /* StringMasker */ = {
			isa = PBXGroup;
			children = (
				794C3A221F3377AF00C64AF3 /* AppDelegate.swift */,
				794C3A241F3377AF00C64AF3 /* ViewController.swift */,
				792B7EAB1F4F1030000D8274 /* NSRange+Ext.swift */,
				794C3A471F33813A00C64AF3 /* PhoneNumberKitMasker.swift */,
				794C3A421F3377C300C64AF3 /* TextFormatter.swift */,
				792B7EA91F4F0D5C000D8274 /* StupidPhoneStringFormatter.swift */,
				7924412A1F3B39D00077BA5B /* AppCoordinator.swift */,
				79A79D8C1F46E16D00003BCE /* UIComponent.swift */,
				79A79D761F41D40E00003BCE /* FlowCoordinator.swift */,
				79A79D781F41D42500003BCE /* AlfaAppFlowCoordinator.swift */,
				79AFBC0D1F47152400417227 /* AppVCContainer.swift */,
				79AFBC081F46EF3A00417227 /* Intro */,
				79AFBC111F47272C00417227 /* Auth */,
				79AFBC121F47273A00417227 /* Guest */,
				794C3A261F3377AF00C64AF3 /* Main.storyboard */,
				79A79D821F459CFF00003BCE /* GuestMode.storyboard */,
				79A79D841F459D1A00003BCE /* SignUp.storyboard */,
				79A79D881F45E16D00003BCE /* SignIn.storyboard */,
				79A79D8A1F45E20F00003BCE /* SignInSettings.storyboard */,
				79A79D861F459D2600003BCE /* UserMode.storyboard */,
				794C3A291F3377AF00C64AF3 /* Assets.xcassets */,
				794C3A2B1F3377AF00C64AF3 /* LaunchScreen.storyboard */,
				794C3A2E1F3377AF00C64AF3 /* Info.plist */,
			);
			path = StringMasker;
			sourceTree = "<group>";
		};
		794C3A361F3377B000C64AF3 /* StringMaskerTests */ = {
			isa = PBXGroup;
			children = (
				794C3A371F3377B000C64AF3 /* StringMaskerTests.swift */,
				794C3A391F3377B000C64AF3 /* Info.plist */,
			);
			path = StringMaskerTests;
			sourceTree = "<group>";
		};
		79AFBC081F46EF3A00417227 /* Intro */ = {
			isa = PBXGroup;
			children = (
				79A79D7E1F41F44B00003BCE /* IntroductionFlowCoordinator.swift */,
				79AFBC091F46EF6C00417227 /* IntroPageViewController.swift */,
				79AFBC0B1F46F07800417227 /* IntroViewController.swift */,
				79AFBC0F1F471B8500417227 /* IntroFlowComponent.swift */,
				79A79D801F459CF600003BCE /* Intro.storyboard */,
			);
			name = Intro;
			sourceTree = "<group>";
		};
		79AFBC111F47272C00417227 /* Auth */ = {
			isa = PBXGroup;
			children = (
				79AFBC151F47292500417227 /* SignIn */,
				79AFBC181F47295000417227 /* SignUp */,
			);
			name = Auth;
			sourceTree = "<group>";
		};
		79AFBC121F47273A00417227 /* Guest */ = {
			isa = PBXGroup;
			children = (
				79A79D7C1F41ED3A00003BCE /* GuestFlowCoordinator.swift */,
				79AFBC131F47277B00417227 /* GuestViewController.swift */,
				79FE46661F473346007FF604 /* GuestModeComponent.swift */,
			);
			name = Guest;
			sourceTree = "<group>";
		};
		79AFBC151F47292500417227 /* SignIn */ = {
			isa = PBXGroup;
			children = (
				79A79D7A1F41ED1000003BCE /* SignInFlowCoordinator.swift */,
				79FE46641F472BCC007FF604 /* SignInFlowComponent.swift */,
				795994DE1F4AE1AE00BA312B /* SignInViewController.swift */,
			);
			name = SignIn;
			sourceTree = "<group>";
		};
		79AFBC181F47295000417227 /* SignUp */ = {
			isa = PBXGroup;
			children = (
				79AFBC161F47294500417227 /* SignUpFlowCoordinator.swift */,
			);
			name = SignUp;
			sourceTree = "<group>";
		};
/* End PBXGroup section */

/* Begin PBXNativeTarget section */
		794C3A1E1F3377AF00C64AF3 /* StringMasker */ = {
			isa = PBXNativeTarget;
			buildConfigurationList = 794C3A3C1F3377B000C64AF3 /* Build configuration list for PBXNativeTarget "StringMasker" */;
			buildPhases = (
				794C3A1B1F3377AF00C64AF3 /* Sources */,
				794C3A1C1F3377AF00C64AF3 /* Frameworks */,
				794C3A1D1F3377AF00C64AF3 /* Resources */,
				794C3A4B1F33815700C64AF3 /* Embed Frameworks */,
				794C3A541F3386FF00C64AF3 /* Carthage */,
				792441251F39DE140077BA5B /* Swiftlint */,
			);
			buildRules = (
			);
			dependencies = (
			);
			name = StringMasker;
			productName = StringMasker;
			productReference = 794C3A1F1F3377AF00C64AF3 /* StringMasker.app */;
			productType = "com.apple.product-type.application";
		};
		794C3A321F3377B000C64AF3 /* StringMaskerTests */ = {
			isa = PBXNativeTarget;
			buildConfigurationList = 794C3A3F1F3377B000C64AF3 /* Build configuration list for PBXNativeTarget "StringMaskerTests" */;
			buildPhases = (
				794C3A2F1F3377B000C64AF3 /* Sources */,
				794C3A301F3377B000C64AF3 /* Frameworks */,
				794C3A311F3377B000C64AF3 /* Resources */,
			);
			buildRules = (
			);
			dependencies = (
				794C3A351F3377B000C64AF3 /* PBXTargetDependency */,
			);
			name = StringMaskerTests;
			productName = StringMaskerTests;
			productReference = 794C3A331F3377B000C64AF3 /* StringMaskerTests.xctest */;
			productType = "com.apple.product-type.bundle.unit-test";
		};
/* End PBXNativeTarget section */

/* Begin PBXProject section */
		794C3A171F3377AF00C64AF3 /* Project object */ = {
			isa = PBXProject;
			attributes = {
				LastSwiftUpdateCheck = 0830;
				LastUpgradeCheck = 0830;
				ORGANIZATIONNAME = _My_Company_;
				TargetAttributes = {
					794C3A1E1F3377AF00C64AF3 = {
						CreatedOnToolsVersion = 8.3.3;
						DevelopmentTeam = BEVSU9VX44;
						ProvisioningStyle = Automatic;
					};
					794C3A321F3377B000C64AF3 = {
						CreatedOnToolsVersion = 8.3.3;
						DevelopmentTeam = BEVSU9VX44;
						ProvisioningStyle = Automatic;
						TestTargetID = 794C3A1E1F3377AF00C64AF3;
					};
				};
			};
			buildConfigurationList = 794C3A1A1F3377AF00C64AF3 /* Build configuration list for PBXProject "StringMasker" */;
			compatibilityVersion = "Xcode 3.2";
			developmentRegion = English;
			hasScannedForEncodings = 0;
			knownRegions = (
				en,
				Base,
			);
			mainGroup = 794C3A161F3377AF00C64AF3;
			productRefGroup = 794C3A201F3377AF00C64AF3 /* Products */;
			projectDirPath = "";
			projectRoot = "";
			targets = (
				794C3A1E1F3377AF00C64AF3 /* StringMasker */,
				794C3A321F3377B000C64AF3 /* StringMaskerTests */,
			);
		};
/* End PBXProject section */

/* Begin PBXResourcesBuildPhase section */
		794C3A1D1F3377AF00C64AF3 /* Resources */ = {
			isa = PBXResourcesBuildPhase;
			buildActionMask = 2147483647;
			files = (
				79A79D8B1F45E20F00003BCE /* SignInSettings.storyboard in Resources */,
				79A79D891F45E16D00003BCE /* SignIn.storyboard in Resources */,
				79A79D851F459D1A00003BCE /* SignUp.storyboard in Resources */,
				794C3A2D1F3377AF00C64AF3 /* LaunchScreen.storyboard in Resources */,
				79A79D831F459CFF00003BCE /* GuestMode.storyboard in Resources */,
				794C3A2A1F3377AF00C64AF3 /* Assets.xcassets in Resources */,
				794C3A281F3377AF00C64AF3 /* Main.storyboard in Resources */,
				79A79D811F459CF600003BCE /* Intro.storyboard in Resources */,
				79A79D871F459D2600003BCE /* UserMode.storyboard in Resources */,
			);
			runOnlyForDeploymentPostprocessing = 0;
		};
		794C3A311F3377B000C64AF3 /* Resources */ = {
			isa = PBXResourcesBuildPhase;
			buildActionMask = 2147483647;
			files = (
			);
			runOnlyForDeploymentPostprocessing = 0;
		};
/* End PBXResourcesBuildPhase section */

/* Begin PBXShellScriptBuildPhase section */
		792441251F39DE140077BA5B /* Swiftlint */ = {
			isa = PBXShellScriptBuildPhase;
			buildActionMask = 2147483647;
			files = (
			);
			inputPaths = (
			);
			name = Swiftlint;
			outputPaths = (
			);
			runOnlyForDeploymentPostprocessing = 0;
			shellPath = /bin/sh;
			shellScript = "if which swiftlint >/dev/null; then\nswiftlint lint\nelse\necho \"warning: SwiftLint not installed, download from https://github.com/realm/SwiftLint\"\nfi";
		};
		794C3A541F3386FF00C64AF3 /* Carthage */ = {
			isa = PBXShellScriptBuildPhase;
			buildActionMask = 2147483647;
			files = (
			);
			inputPaths = (
				"$(SRCROOT)/Carthage/Build/iOS/PhoneNumberKit.framework",
			);
			name = Carthage;
			outputPaths = (
			);
			runOnlyForDeploymentPostprocessing = 0;
			shellPath = /bin/sh;
			shellScript = "/usr/local/bin/carthage copy-frameworks";
		};
/* End PBXShellScriptBuildPhase section */

/* Begin PBXSourcesBuildPhase section */
		794C3A1B1F3377AF00C64AF3 /* Sources */ = {
			isa = PBXSourcesBuildPhase;
			buildActionMask = 2147483647;
			files = (
				794C3A251F3377AF00C64AF3 /* ViewController.swift in Sources */,
				79AFBC0C1F46F07800417227 /* IntroViewController.swift in Sources */,
				794C3A231F3377AF00C64AF3 /* AppDelegate.swift in Sources */,
				792B7EAA1F4F0D5C000D8274 /* StupidPhoneStringFormatter.swift in Sources */,
				79A79D7B1F41ED1000003BCE /* SignInFlowCoordinator.swift in Sources */,
				79A79D771F41D40E00003BCE /* FlowCoordinator.swift in Sources */,
				79FE46671F473346007FF604 /* GuestModeComponent.swift in Sources */,
				79AFBC0A1F46EF6C00417227 /* IntroPageViewController.swift in Sources */,
				792B7EAC1F4F1030000D8274 /* NSRange+Ext.swift in Sources */,
				79AFBC171F47294500417227 /* SignUpFlowCoordinator.swift in Sources */,
				795994DF1F4AE1AE00BA312B /* SignInViewController.swift in Sources */,
				79A79D7D1F41ED3A00003BCE /* GuestFlowCoordinator.swift in Sources */,
				79A79D791F41D42500003BCE /* AlfaAppFlowCoordinator.swift in Sources */,
				79A79D7F1F41F44B00003BCE /* IntroductionFlowCoordinator.swift in Sources */,
				79AFBC101F471B8500417227 /* IntroFlowComponent.swift in Sources */,
				794C3A431F3377C300C64AF3 /* TextFormatter.swift in Sources */,
				79AFBC141F47277B00417227 /* GuestViewController.swift in Sources */,
				79AFBC0E1F47152400417227 /* AppVCContainer.swift in Sources */,
				794C3A481F33813A00C64AF3 /* PhoneNumberKitMasker.swift in Sources */,
				79FE46651F472BCC007FF604 /* SignInFlowComponent.swift in Sources */,
				79A79D8D1F46E16D00003BCE /* UIComponent.swift in Sources */,
				7924412B1F3B39D00077BA5B /* AppCoordinator.swift in Sources */,
			);
			runOnlyForDeploymentPostprocessing = 0;
		};
		794C3A2F1F3377B000C64AF3 /* Sources */ = {
			isa = PBXSourcesBuildPhase;
			buildActionMask = 2147483647;
			files = (
				794C3A381F3377B000C64AF3 /* StringMaskerTests.swift in Sources */,
			);
			runOnlyForDeploymentPostprocessing = 0;
		};
/* End PBXSourcesBuildPhase section */

/* Begin PBXTargetDependency section */
		794C3A351F3377B000C64AF3 /* PBXTargetDependency */ = {
			isa = PBXTargetDependency;
			target = 794C3A1E1F3377AF00C64AF3 /* StringMasker */;
			targetProxy = 794C3A341F3377B000C64AF3 /* PBXContainerItemProxy */;
		};
/* End PBXTargetDependency section */

/* Begin PBXVariantGroup section */
		794C3A261F3377AF00C64AF3 /* Main.storyboard */ = {
			isa = PBXVariantGroup;
			children = (
				794C3A271F3377AF00C64AF3 /* Base */,
			);
			name = Main.storyboard;
			sourceTree = "<group>";
		};
		794C3A2B1F3377AF00C64AF3 /* LaunchScreen.storyboard */ = {
			isa = PBXVariantGroup;
			children = (
				794C3A2C1F3377AF00C64AF3 /* Base */,
			);
			name = LaunchScreen.storyboard;
			sourceTree = "<group>";
		};
/* End PBXVariantGroup section */

/* Begin XCBuildConfiguration section */
		794C3A3A1F3377B000C64AF3 /* Debug */ = {
			isa = XCBuildConfiguration;
			buildSettings = {
				ALWAYS_SEARCH_USER_PATHS = NO;
				CLANG_ANALYZER_NONNULL = YES;
				CLANG_ANALYZER_NUMBER_OBJECT_CONVERSION = YES_AGGRESSIVE;
				CLANG_CXX_LANGUAGE_STANDARD = "gnu++0x";
				CLANG_CXX_LIBRARY = "libc++";
				CLANG_ENABLE_MODULES = YES;
				CLANG_ENABLE_OBJC_ARC = YES;
				CLANG_WARN_BOOL_CONVERSION = YES;
				CLANG_WARN_CONSTANT_CONVERSION = YES;
				CLANG_WARN_DIRECT_OBJC_ISA_USAGE = YES_ERROR;
				CLANG_WARN_DOCUMENTATION_COMMENTS = YES;
				CLANG_WARN_EMPTY_BODY = YES;
				CLANG_WARN_ENUM_CONVERSION = YES;
				CLANG_WARN_INFINITE_RECURSION = YES;
				CLANG_WARN_INT_CONVERSION = YES;
				CLANG_WARN_OBJC_ROOT_CLASS = YES_ERROR;
				CLANG_WARN_SUSPICIOUS_MOVE = YES;
				CLANG_WARN_UNREACHABLE_CODE = YES;
				CLANG_WARN__DUPLICATE_METHOD_MATCH = YES;
				"CODE_SIGN_IDENTITY[sdk=iphoneos*]" = "iPhone Developer";
				COPY_PHASE_STRIP = NO;
				DEBUG_INFORMATION_FORMAT = dwarf;
				ENABLE_STRICT_OBJC_MSGSEND = YES;
				ENABLE_TESTABILITY = YES;
				GCC_C_LANGUAGE_STANDARD = gnu99;
				GCC_DYNAMIC_NO_PIC = NO;
				GCC_NO_COMMON_BLOCKS = YES;
				GCC_OPTIMIZATION_LEVEL = 0;
				GCC_PREPROCESSOR_DEFINITIONS = (
					"DEBUG=1",
					"$(inherited)",
				);
				GCC_WARN_64_TO_32_BIT_CONVERSION = YES;
				GCC_WARN_ABOUT_RETURN_TYPE = YES_ERROR;
				GCC_WARN_UNDECLARED_SELECTOR = YES;
				GCC_WARN_UNINITIALIZED_AUTOS = YES_AGGRESSIVE;
				GCC_WARN_UNUSED_FUNCTION = YES;
				GCC_WARN_UNUSED_VARIABLE = YES;
				IPHONEOS_DEPLOYMENT_TARGET = 10.3;
				MTL_ENABLE_DEBUG_INFO = YES;
				ONLY_ACTIVE_ARCH = YES;
				SDKROOT = iphoneos;
				SWIFT_ACTIVE_COMPILATION_CONDITIONS = DEBUG;
				SWIFT_OPTIMIZATION_LEVEL = "-Onone";
				TARGETED_DEVICE_FAMILY = "1,2";
			};
			name = Debug;
		};
		794C3A3B1F3377B000C64AF3 /* Release */ = {
			isa = XCBuildConfiguration;
			buildSettings = {
				ALWAYS_SEARCH_USER_PATHS = NO;
				CLANG_ANALYZER_NONNULL = YES;
				CLANG_ANALYZER_NUMBER_OBJECT_CONVERSION = YES_AGGRESSIVE;
				CLANG_CXX_LANGUAGE_STANDARD = "gnu++0x";
				CLANG_CXX_LIBRARY = "libc++";
				CLANG_ENABLE_MODULES = YES;
				CLANG_ENABLE_OBJC_ARC = YES;
				CLANG_WARN_BOOL_CONVERSION = YES;
				CLANG_WARN_CONSTANT_CONVERSION = YES;
				CLANG_WARN_DIRECT_OBJC_ISA_USAGE = YES_ERROR;
				CLANG_WARN_DOCUMENTATION_COMMENTS = YES;
				CLANG_WARN_EMPTY_BODY = YES;
				CLANG_WARN_ENUM_CONVERSION = YES;
				CLANG_WARN_INFINITE_RECURSION = YES;
				CLANG_WARN_INT_CONVERSION = YES;
				CLANG_WARN_OBJC_ROOT_CLASS = YES_ERROR;
				CLANG_WARN_SUSPICIOUS_MOVE = YES;
				CLANG_WARN_UNREACHABLE_CODE = YES;
				CLANG_WARN__DUPLICATE_METHOD_MATCH = YES;
				"CODE_SIGN_IDENTITY[sdk=iphoneos*]" = "iPhone Developer";
				COPY_PHASE_STRIP = NO;
				DEBUG_INFORMATION_FORMAT = "dwarf-with-dsym";
				ENABLE_NS_ASSERTIONS = NO;
				ENABLE_STRICT_OBJC_MSGSEND = YES;
				GCC_C_LANGUAGE_STANDARD = gnu99;
				GCC_NO_COMMON_BLOCKS = YES;
				GCC_WARN_64_TO_32_BIT_CONVERSION = YES;
				GCC_WARN_ABOUT_RETURN_TYPE = YES_ERROR;
				GCC_WARN_UNDECLARED_SELECTOR = YES;
				GCC_WARN_UNINITIALIZED_AUTOS = YES_AGGRESSIVE;
				GCC_WARN_UNUSED_FUNCTION = YES;
				GCC_WARN_UNUSED_VARIABLE = YES;
				IPHONEOS_DEPLOYMENT_TARGET = 10.3;
				MTL_ENABLE_DEBUG_INFO = NO;
				SDKROOT = iphoneos;
				SWIFT_OPTIMIZATION_LEVEL = "-Owholemodule";
				TARGETED_DEVICE_FAMILY = "1,2";
				VALIDATE_PRODUCT = YES;
			};
			name = Release;
		};
		794C3A3D1F3377B000C64AF3 /* Debug */ = {
			isa = XCBuildConfiguration;
			buildSettings = {
				ASSETCATALOG_COMPILER_APPICON_NAME = AppIcon;
				DEVELOPMENT_TEAM = BEVSU9VX44;
				FRAMEWORK_SEARCH_PATHS = (
					"$(inherited)",
					"$(PROJECT_DIR)/Carthage/Build/iOS",
				);
				INFOPLIST_FILE = StringMasker/Info.plist;
				IPHONEOS_DEPLOYMENT_TARGET = 9.3;
				LD_RUNPATH_SEARCH_PATHS = "$(inherited) @executable_path/Frameworks";
				PRODUCT_BUNDLE_IDENTIFIER = "com.my-company.StringMasker";
				PRODUCT_NAME = "$(TARGET_NAME)";
				SWIFT_VERSION = 3.0;
			};
			name = Debug;
		};
		794C3A3E1F3377B000C64AF3 /* Release */ = {
			isa = XCBuildConfiguration;
			buildSettings = {
				ASSETCATALOG_COMPILER_APPICON_NAME = AppIcon;
				DEVELOPMENT_TEAM = BEVSU9VX44;
				FRAMEWORK_SEARCH_PATHS = (
					"$(inherited)",
					"$(PROJECT_DIR)/Carthage/Build/iOS",
				);
				INFOPLIST_FILE = StringMasker/Info.plist;
				IPHONEOS_DEPLOYMENT_TARGET = 9.3;
				LD_RUNPATH_SEARCH_PATHS = "$(inherited) @executable_path/Frameworks";
				PRODUCT_BUNDLE_IDENTIFIER = "com.my-company.StringMasker";
				PRODUCT_NAME = "$(TARGET_NAME)";
				SWIFT_VERSION = 3.0;
			};
			name = Release;
		};
		794C3A401F3377B000C64AF3 /* Debug */ = {
			isa = XCBuildConfiguration;
			buildSettings = {
				ALWAYS_EMBED_SWIFT_STANDARD_LIBRARIES = YES;
				BUNDLE_LOADER = "$(TEST_HOST)";
				DEVELOPMENT_TEAM = BEVSU9VX44;
				INFOPLIST_FILE = StringMaskerTests/Info.plist;
				LD_RUNPATH_SEARCH_PATHS = "$(inherited) @executable_path/Frameworks @loader_path/Frameworks";
				PRODUCT_BUNDLE_IDENTIFIER = "com.my-company.StringMaskerTests";
				PRODUCT_NAME = "$(TARGET_NAME)";
				SWIFT_VERSION = 3.0;
				TEST_HOST = "$(BUILT_PRODUCTS_DIR)/StringMasker.app/StringMasker";
			};
			name = Debug;
		};
		794C3A411F3377B000C64AF3 /* Release */ = {
			isa = XCBuildConfiguration;
			buildSettings = {
				ALWAYS_EMBED_SWIFT_STANDARD_LIBRARIES = YES;
				BUNDLE_LOADER = "$(TEST_HOST)";
				DEVELOPMENT_TEAM = BEVSU9VX44;
				INFOPLIST_FILE = StringMaskerTests/Info.plist;
				LD_RUNPATH_SEARCH_PATHS = "$(inherited) @executable_path/Frameworks @loader_path/Frameworks";
				PRODUCT_BUNDLE_IDENTIFIER = "com.my-company.StringMaskerTests";
				PRODUCT_NAME = "$(TARGET_NAME)";
				SWIFT_VERSION = 3.0;
				TEST_HOST = "$(BUILT_PRODUCTS_DIR)/StringMasker.app/StringMasker";
			};
			name = Release;
		};
/* End XCBuildConfiguration section */

/* Begin XCConfigurationList section */
		794C3A1A1F3377AF00C64AF3 /* Build configuration list for PBXProject "StringMasker" */ = {
			isa = XCConfigurationList;
			buildConfigurations = (
				794C3A3A1F3377B000C64AF3 /* Debug */,
				794C3A3B1F3377B000C64AF3 /* Release */,
			);
			defaultConfigurationIsVisible = 0;
			defaultConfigurationName = Release;
		};
		794C3A3C1F3377B000C64AF3 /* Build configuration list for PBXNativeTarget "StringMasker" */ = {
			isa = XCConfigurationList;
			buildConfigurations = (
				794C3A3D1F3377B000C64AF3 /* Debug */,
				794C3A3E1F3377B000C64AF3 /* Release */,
			);
			defaultConfigurationIsVisible = 0;
			defaultConfigurationName = Release;
		};
		794C3A3F1F3377B000C64AF3 /* Build configuration list for PBXNativeTarget "StringMaskerTests" */ = {
			isa = XCConfigurationList;
			buildConfigurations = (
				794C3A401F3377B000C64AF3 /* Debug */,
				794C3A411F3377B000C64AF3 /* Release */,
			);
			defaultConfigurationIsVisible = 0;
			defaultConfigurationName = Release;
		};
/* End XCConfigurationList section */
	};
	rootObject = 794C3A171F3377AF00C64AF3 /* Project object */;
}
